
Microsoft Visual Studio Solution File, Format Version 12.00
# Visual Studio 14
VisualStudioVersion = 14.0.24720.0
MinimumVisualStudioVersion = 10.0.40219.1
Project("{FAE04EC0-301F-11D3-BF4B-00C04F79EFBC}") = "Showtime.Models", "Showtime.Models\Showtime.Models.csproj", "{369932F8-3B7B-4CA0-895C-D8E1AFB4877C}"
EndProject
Project("{FAE04EC0-301F-11D3-BF4B-00C04F79EFBC}") = "Showtime.Service", "Showtime.Service\Showtime.Service.csproj", "{6A85DBD0-442E-45D3-A1A4-AF658D88C8F3}"
	ProjectSection(ProjectDependencies) = postProject
		{369932F8-3B7B-4CA0-895C-D8E1AFB4877C} = {369932F8-3B7B-4CA0-895C-D8E1AFB4877C}
	EndProjectSection
EndProject
Project("{FAE04EC0-301F-11D3-BF4B-00C04F79EFBC}") = "Showtime.Web", "Showtime.Web\Showtime.Web.csproj", "{0BEC58E4-DDD7-4297-978F-495C4AD398FE}"
	ProjectSection(ProjectDependencies) = postProject
		{6A85DBD0-442E-45D3-A1A4-AF658D88C8F3} = {6A85DBD0-442E-45D3-A1A4-AF658D88C8F3}
		{369932F8-3B7B-4CA0-895C-D8E1AFB4877C} = {369932F8-3B7B-4CA0-895C-D8E1AFB4877C}
	EndProjectSection
EndProject
Global
	GlobalSection(SolutionConfigurationPlatforms) = preSolution
		Debug|Any CPU = Debug|Any CPU
		Release|Any CPU = Release|Any CPU
	EndGlobalSection
	GlobalSection(ProjectConfigurationPlatforms) = postSolution
		{369932F8-3B7B-4CA0-895C-D8E1AFB4877C}.Debug|Any CPU.ActiveCfg = Debug|Any CPU
		{369932F8-3B7B-4CA0-895C-D8E1AFB4877C}.Debug|Any CPU.Build.0 = Debug|Any CPU
		{369932F8-3B7B-4CA0-895C-D8E1AFB4877C}.Release|Any CPU.ActiveCfg = Release|Any CPU
		{369932F8-3B7B-4CA0-895C-D8E1AFB4877C}.Release|Any CPU.Build.0 = Release|Any CPU
		{6A85DBD0-442E-45D3-A1A4-AF658D88C8F3}.Debug|Any CPU.ActiveCfg = Debug|Any CPU
		{6A85DBD0-442E-45D3-A1A4-AF658D88C8F3}.Debug|Any CPU.Build.0 = Debug|Any CPU
		{6A85DBD0-442E-45D3-A1A4-AF658D88C8F3}.Release|Any CPU.ActiveCfg = Release|Any CPU
		{6A85DBD0-442E-45D3-A1A4-AF658D88C8F3}.Release|Any CPU.Build.0 = Release|Any CPU
		{0BEC58E4-DDD7-4297-978F-495C4AD398FE}.Debug|Any CPU.ActiveCfg = Debug|Any CPU
		{0BEC58E4-DDD7-4297-978F-495C4AD398FE}.Debug|Any CPU.Build.0 = Debug|Any CPU
		{0BEC58E4-DDD7-4297-978F-495C4AD398FE}.Release|Any CPU.ActiveCfg = Release|Any CPU
		{0BEC58E4-DDD7-4297-978F-495C4AD398FE}.Release|Any CPU.Build.0 = Release|Any CPU
	EndGlobalSection
	GlobalSection(SolutionProperties) = preSolution
		HideSolutionNode = FALSE
	EndGlobalSection
EndGlobal
